
Microsoft Visual Studio Solution File, Format Version 12.00
# Visual Studio Version 16
VisualStudioVersion = 16.0.30907.101
MinimumVisualStudioVersion = 10.0.40219.1
Project("{9A19103F-16F7-4668-BE54-9A1E7A4F7556}") = "BlockChainTest", "BlockChainTest\BlockChainTest.csproj", "{0BF6F855-2AE6-43E7-BA85-A70EF7262510}"
EndProject
Project("{9A19103F-16F7-4668-BE54-9A1E7A4F7556}") = "CryptoTest", "..\CryptoTest\CryptoTest\CryptoTest.csproj", "{AD7B0A93-6C3F-4697-9FF4-4FE34935FDB9}"
EndProject
Global
	GlobalSection(SolutionConfigurationPlatforms) = preSolution
		Debug|Any CPU = Debug|Any CPU
		Release|Any CPU = Release|Any CPU
	EndGlobalSection
	GlobalSection(ProjectConfigurationPlatforms) = postSolution
		{0BF6F855-2AE6-43E7-BA85-A70EF7262510}.Debug|Any CPU.ActiveCfg = Debug|Any CPU
		{0BF6F855-2AE6-43E7-BA85-A70EF7262510}.Debug|Any CPU.Build.0 = Debug|Any CPU
		{0BF6F855-2AE6-43E7-BA85-A70EF7262510}.Release|Any CPU.ActiveCfg = Release|Any CPU
		{0BF6F855-2AE6-43E7-BA85-A70EF7262510}.Release|Any CPU.Build.0 = Release|Any CPU
		{AD7B0A93-6C3F-4697-9FF4-4FE34935FDB9}.Debug|Any CPU.ActiveCfg = Debug|Any CPU
		{AD7B0A93-6C3F-4697-9FF4-4FE34935FDB9}.Debug|Any CPU.Build.0 = Debug|Any CPU
		{AD7B0A93-6C3F-4697-9FF4-4FE34935FDB9}.Release|Any CPU.ActiveCfg = Release|Any CPU
		{AD7B0A93-6C3F-4697-9FF4-4FE34935FDB9}.Release|Any CPU.Build.0 = Release|Any CPU
	EndGlobalSection
	GlobalSection(SolutionProperties) = preSolution
		HideSolutionNode = FALSE
	EndGlobalSection
	GlobalSection(ExtensibilityGlobals) = postSolution
		SolutionGuid = {00D3C0F3-4150-4A06-A387-7DBCDDA1855D}
	EndGlobalSection
EndGlobal
